// !$*UTF8*$!
{
	archiveVersion = 1;
	classes = {
	};
	objectVersion = 56;
	objects = {

/* Begin PBXBuildFile section */
		EC19C0A42BE42FFA009331D2 /* CS2NadesApp.swift in Sources */ = {isa = PBXBuildFile; fileRef = EC19C0A32BE42FFA009331D2 /* CS2NadesApp.swift */; };
		EC19C0A62BE42FFA009331D2 /* RootView.swift in Sources */ = {isa = PBXBuildFile; fileRef = EC19C0A52BE42FFA009331D2 /* RootView.swift */; };
		EC19C0A82BE42FFD009331D2 /* Assets.xcassets in Resources */ = {isa = PBXBuildFile; fileRef = EC19C0A72BE42FFD009331D2 /* Assets.xcassets */; };
		EC19C0AB2BE42FFD009331D2 /* Preview Assets.xcassets in Resources */ = {isa = PBXBuildFile; fileRef = EC19C0AA2BE42FFD009331D2 /* Preview Assets.xcassets */; };
		EC19C0B22BE43066009331D2 /* MapsView.swift in Sources */ = {isa = PBXBuildFile; fileRef = EC19C0B12BE43066009331D2 /* MapsView.swift */; };
		EC19C0B52BE43137009331D2 /* GoogleService-Info.plist in Resources */ = {isa = PBXBuildFile; fileRef = EC19C0B42BE43137009331D2 /* GoogleService-Info.plist */; };
		EC19C0B92BE4316C009331D2 /* MapManager.swift in Sources */ = {isa = PBXBuildFile; fileRef = EC19C0B82BE4316B009331D2 /* MapManager.swift */; };
		EC19C0BC2BE431F5009331D2 /* FirebaseDatabase in Frameworks */ = {isa = PBXBuildFile; productRef = EC19C0BB2BE431F5009331D2 /* FirebaseDatabase */; };
		EC19C0BE2BE431F5009331D2 /* FirebaseDatabaseSwift in Frameworks */ = {isa = PBXBuildFile; productRef = EC19C0BD2BE431F5009331D2 /* FirebaseDatabaseSwift */; };
		EC19C0C02BE431F5009331D2 /* FirebaseFirestore in Frameworks */ = {isa = PBXBuildFile; productRef = EC19C0BF2BE431F5009331D2 /* FirebaseFirestore */; };
		EC19C0C22BE431F5009331D2 /* FirebaseFirestoreCombine-Community in Frameworks */ = {isa = PBXBuildFile; productRef = EC19C0C12BE431F5009331D2 /* FirebaseFirestoreCombine-Community */; };
		EC19C0C42BE431F5009331D2 /* FirebaseFirestoreSwift in Frameworks */ = {isa = PBXBuildFile; productRef = EC19C0C32BE431F5009331D2 /* FirebaseFirestoreSwift */; };
		EC19C0C62BE431F5009331D2 /* FirebaseStorage in Frameworks */ = {isa = PBXBuildFile; productRef = EC19C0C52BE431F5009331D2 /* FirebaseStorage */; };
		EC19C0C82BE431F5009331D2 /* FirebaseStorageCombine-Community in Frameworks */ = {isa = PBXBuildFile; productRef = EC19C0C72BE431F5009331D2 /* FirebaseStorageCombine-Community */; };
		EC19C0CA2BE46469009331D2 /* SettingsView.swift in Sources */ = {isa = PBXBuildFile; fileRef = EC19C0C92BE46469009331D2 /* SettingsView.swift */; };
		EC8913872BE4DD3A00C88660 /* SettingsViewModel.swift in Sources */ = {isa = PBXBuildFile; fileRef = EC8913862BE4DD3A00C88660 /* SettingsViewModel.swift */; };
		EC8913892BE4DD4900C88660 /* MapsViewModel.swift in Sources */ = {isa = PBXBuildFile; fileRef = EC8913882BE4DD4900C88660 /* MapsViewModel.swift */; };
		EC89138B2BE4DD5B00C88660 /* MapView.swift in Sources */ = {isa = PBXBuildFile; fileRef = EC89138A2BE4DD5B00C88660 /* MapView.swift */; };
		EC89138D2BE57CF000C88660 /* CommandsView.swift in Sources */ = {isa = PBXBuildFile; fileRef = EC89138C2BE57CF000C88660 /* CommandsView.swift */; };
		EC89138F2BE57D5000C88660 /* CommandManager.swift in Sources */ = {isa = PBXBuildFile; fileRef = EC89138E2BE57D5000C88660 /* CommandManager.swift */; };
		EC8913912BE78D8700C88660 /* CommandView.swift in Sources */ = {isa = PBXBuildFile; fileRef = EC8913902BE78D8700C88660 /* CommandView.swift */; };
/* End PBXBuildFile section */

/* Begin PBXFileReference section */
		EC19C0A02BE42FFA009331D2 /* CS2Nades.app */ = {isa = PBXFileReference; explicitFileType = wrapper.application; includeInIndex = 0; path = CS2Nades.app; sourceTree = BUILT_PRODUCTS_DIR; };
		EC19C0A32BE42FFA009331D2 /* CS2NadesApp.swift */ = {isa = PBXFileReference; lastKnownFileType = sourcecode.swift; path = CS2NadesApp.swift; sourceTree = "<group>"; };
		EC19C0A52BE42FFA009331D2 /* RootView.swift */ = {isa = PBXFileReference; lastKnownFileType = sourcecode.swift; path = RootView.swift; sourceTree = "<group>"; };
		EC19C0A72BE42FFD009331D2 /* Assets.xcassets */ = {isa = PBXFileReference; lastKnownFileType = folder.assetcatalog; path = Assets.xcassets; sourceTree = "<group>"; };
		EC19C0AA2BE42FFD009331D2 /* Preview Assets.xcassets */ = {isa = PBXFileReference; lastKnownFileType = folder.assetcatalog; path = "Preview Assets.xcassets"; sourceTree = "<group>"; };
		EC19C0B12BE43066009331D2 /* MapsView.swift */ = {isa = PBXFileReference; lastKnownFileType = sourcecode.swift; path = MapsView.swift; sourceTree = "<group>"; };
		EC19C0B42BE43137009331D2 /* GoogleService-Info.plist */ = {isa = PBXFileReference; fileEncoding = 4; lastKnownFileType = text.plist.xml; path = "GoogleService-Info.plist"; sourceTree = "<group>"; };
		EC19C0B82BE4316B009331D2 /* MapManager.swift */ = {isa = PBXFileReference; lastKnownFileType = sourcecode.swift; path = MapManager.swift; sourceTree = "<group>"; };
		EC19C0C92BE46469009331D2 /* SettingsView.swift */ = {isa = PBXFileReference; lastKnownFileType = sourcecode.swift; path = SettingsView.swift; sourceTree = "<group>"; };
		EC8913862BE4DD3A00C88660 /* SettingsViewModel.swift */ = {isa = PBXFileReference; lastKnownFileType = sourcecode.swift; path = SettingsViewModel.swift; sourceTree = "<group>"; };
		EC8913882BE4DD4900C88660 /* MapsViewModel.swift */ = {isa = PBXFileReference; lastKnownFileType = sourcecode.swift; path = MapsViewModel.swift; sourceTree = "<group>"; };
		EC89138A2BE4DD5B00C88660 /* MapView.swift */ = {isa = PBXFileReference; lastKnownFileType = sourcecode.swift; path = MapView.swift; sourceTree = "<group>"; };
		EC89138C2BE57CF000C88660 /* CommandsView.swift */ = {isa = PBXFileReference; lastKnownFileType = sourcecode.swift; path = CommandsView.swift; sourceTree = "<group>"; };
		EC89138E2BE57D5000C88660 /* CommandManager.swift */ = {isa = PBXFileReference; lastKnownFileType = sourcecode.swift; path = CommandManager.swift; sourceTree = "<group>"; };
		EC8913902BE78D8700C88660 /* CommandView.swift */ = {isa = PBXFileReference; lastKnownFileType = sourcecode.swift; path = CommandView.swift; sourceTree = "<group>"; };
/* End PBXFileReference section */

/* Begin PBXFrameworksBuildPhase section */
		EC19C09D2BE42FFA009331D2 /* Frameworks */ = {
			isa = PBXFrameworksBuildPhase;
			buildActionMask = 2147483647;
			files = (
				EC19C0C42BE431F5009331D2 /* FirebaseFirestoreSwift in Frameworks */,
				EC19C0C82BE431F5009331D2 /* FirebaseStorageCombine-Community in Frameworks */,
				EC19C0BE2BE431F5009331D2 /* FirebaseDatabaseSwift in Frameworks */,
				EC19C0C22BE431F5009331D2 /* FirebaseFirestoreCombine-Community in Frameworks */,
				EC19C0BC2BE431F5009331D2 /* FirebaseDatabase in Frameworks */,
				EC19C0C02BE431F5009331D2 /* FirebaseFirestore in Frameworks */,
				EC19C0C62BE431F5009331D2 /* FirebaseStorage in Frameworks */,
			);
			runOnlyForDeploymentPostprocessing = 0;
		};
/* End PBXFrameworksBuildPhase section */

/* Begin PBXGroup section */
		EC19C0972BE42FFA009331D2 = {
			isa = PBXGroup;
			children = (
				EC19C0A22BE42FFA009331D2 /* CS2Nades */,
				EC19C0A12BE42FFA009331D2 /* Products */,
			);
			sourceTree = "<group>";
		};
		EC19C0A12BE42FFA009331D2 /* Products */ = {
			isa = PBXGroup;
			children = (
				EC19C0A02BE42FFA009331D2 /* CS2Nades.app */,
			);
			name = Products;
			sourceTree = "<group>";
		};
		EC19C0A22BE42FFA009331D2 /* CS2Nades */ = {
			isa = PBXGroup;
			children = (
				EC19C0A32BE42FFA009331D2 /* CS2NadesApp.swift */,
				EC19C0A52BE42FFA009331D2 /* RootView.swift */,
				EC8913852BE4DD2000C88660 /* ViewModel */,
				EC19C0B82BE4316B009331D2 /* MapManager.swift */,
				EC89138E2BE57D5000C88660 /* CommandManager.swift */,
				EC19C0B42BE43137009331D2 /* GoogleService-Info.plist */,
				EC19C0B32BE4306D009331D2 /* View */,
				EC19C0A72BE42FFD009331D2 /* Assets.xcassets */,
				EC19C0A92BE42FFD009331D2 /* Preview Content */,
			);
			path = CS2Nades;
			sourceTree = "<group>";
		};
		EC19C0A92BE42FFD009331D2 /* Preview Content */ = {
			isa = PBXGroup;
			children = (
				EC19C0AA2BE42FFD009331D2 /* Preview Assets.xcassets */,
			);
			path = "Preview Content";
			sourceTree = "<group>";
		};
		EC19C0B32BE4306D009331D2 /* View */ = {
			isa = PBXGroup;
			children = (
				EC19C0B12BE43066009331D2 /* MapsView.swift */,
				EC19C0C92BE46469009331D2 /* SettingsView.swift */,
				EC89138A2BE4DD5B00C88660 /* MapView.swift */,
				EC89138C2BE57CF000C88660 /* CommandsView.swift */,
				EC8913902BE78D8700C88660 /* CommandView.swift */,
			);
			path = View;
			sourceTree = "<group>";
		};
		EC8913852BE4DD2000C88660 /* ViewModel */ = {
			isa = PBXGroup;
			children = (
				EC8913862BE4DD3A00C88660 /* SettingsViewModel.swift */,
				EC8913882BE4DD4900C88660 /* MapsViewModel.swift */,
			);
			path = ViewModel;
			sourceTree = "<group>";
		};
/* End PBXGroup section */

/* Begin PBXNativeTarget section */
		EC19C09F2BE42FFA009331D2 /* CS2Nades */ = {
			isa = PBXNativeTarget;
			buildConfigurationList = EC19C0AE2BE42FFD009331D2 /* Build configuration list for PBXNativeTarget "CS2Nades" */;
			buildPhases = (
				EC19C09C2BE42FFA009331D2 /* Sources */,
				EC19C09D2BE42FFA009331D2 /* Frameworks */,
				EC19C09E2BE42FFA009331D2 /* Resources */,
			);
			buildRules = (
			);
			dependencies = (
			);
			name = CS2Nades;
			packageProductDependencies = (
				EC19C0BB2BE431F5009331D2 /* FirebaseDatabase */,
				EC19C0BD2BE431F5009331D2 /* FirebaseDatabaseSwift */,
				EC19C0BF2BE431F5009331D2 /* FirebaseFirestore */,
				EC19C0C12BE431F5009331D2 /* FirebaseFirestoreCombine-Community */,
				EC19C0C32BE431F5009331D2 /* FirebaseFirestoreSwift */,
				EC19C0C52BE431F5009331D2 /* FirebaseStorage */,
				EC19C0C72BE431F5009331D2 /* FirebaseStorageCombine-Community */,
			);
			productName = CS2Nades;
			productReference = EC19C0A02BE42FFA009331D2 /* CS2Nades.app */;
			productType = "com.apple.product-type.application";
		};
/* End PBXNativeTarget section */

/* Begin PBXProject section */
		EC19C0982BE42FFA009331D2 /* Project object */ = {
			isa = PBXProject;
			attributes = {
				BuildIndependentTargetsInParallel = 1;
				LastSwiftUpdateCheck = 1530;
				LastUpgradeCheck = 1530;
				TargetAttributes = {
					EC19C09F2BE42FFA009331D2 = {
						CreatedOnToolsVersion = 15.3;
					};
				};
			};
			buildConfigurationList = EC19C09B2BE42FFA009331D2 /* Build configuration list for PBXProject "CS2Nades" */;
			compatibilityVersion = "Xcode 14.0";
			developmentRegion = en;
			hasScannedForEncodings = 0;
			knownRegions = (
				en,
				Base,
			);
			mainGroup = EC19C0972BE42FFA009331D2;
			packageReferences = (
				EC19C0BA2BE431F5009331D2 /* XCRemoteSwiftPackageReference "firebase-ios-sdk" */,
			);
			productRefGroup = EC19C0A12BE42FFA009331D2 /* Products */;
			projectDirPath = "";
			projectRoot = "";
			targets = (
				EC19C09F2BE42FFA009331D2 /* CS2Nades */,
			);
		};
/* End PBXProject section */

/* Begin PBXResourcesBuildPhase section */
		EC19C09E2BE42FFA009331D2 /* Resources */ = {
			isa = PBXResourcesBuildPhase;
			buildActionMask = 2147483647;
			files = (
				EC19C0AB2BE42FFD009331D2 /* Preview Assets.xcassets in Resources */,
				EC19C0A82BE42FFD009331D2 /* Assets.xcassets in Resources */,
				EC19C0B52BE43137009331D2 /* GoogleService-Info.plist in Resources */,
			);
			runOnlyForDeploymentPostprocessing = 0;
		};
/* End PBXResourcesBuildPhase section */

/* Begin PBXSourcesBuildPhase section */
		EC19C09C2BE42FFA009331D2 /* Sources */ = {
			isa = PBXSourcesBuildPhase;
			buildActionMask = 2147483647;
			files = (
				EC19C0CA2BE46469009331D2 /* SettingsView.swift in Sources */,
				EC89138B2BE4DD5B00C88660 /* MapView.swift in Sources */,
				EC8913892BE4DD4900C88660 /* MapsViewModel.swift in Sources */,
				EC8913912BE78D8700C88660 /* CommandView.swift in Sources */,
				EC19C0B92BE4316C009331D2 /* MapManager.swift in Sources */,
				EC19C0B22BE43066009331D2 /* MapsView.swift in Sources */,
				EC89138F2BE57D5000C88660 /* CommandManager.swift in Sources */,
				EC89138D2BE57CF000C88660 /* CommandsView.swift in Sources */,
				EC19C0A62BE42FFA009331D2 /* RootView.swift in Sources */,
				EC19C0A42BE42FFA009331D2 /* CS2NadesApp.swift in Sources */,
				EC8913872BE4DD3A00C88660 /* SettingsViewModel.swift in Sources */,
			);
			runOnlyForDeploymentPostprocessing = 0;
		};
/* End PBXSourcesBuildPhase section */

/* Begin XCBuildConfiguration section */
		EC19C0AC2BE42FFD009331D2 /* Debug */ = {
			isa = XCBuildConfiguration;
			buildSettings = {
				ALWAYS_SEARCH_USER_PATHS = NO;
				ASSETCATALOG_COMPILER_GENERATE_SWIFT_ASSET_SYMBOL_EXTENSIONS = YES;
				CLANG_ANALYZER_NONNULL = YES;
				CLANG_ANALYZER_NUMBER_OBJECT_CONVERSION = YES_AGGRESSIVE;
				CLANG_CXX_LANGUAGE_STANDARD = "gnu++20";
				CLANG_ENABLE_MODULES = YES;
				CLANG_ENABLE_OBJC_ARC = YES;
				CLANG_ENABLE_OBJC_WEAK = YES;
				CLANG_WARN_BLOCK_CAPTURE_AUTORELEASING = YES;
				CLANG_WARN_BOOL_CONVERSION = YES;
				CLANG_WARN_COMMA = YES;
				CLANG_WARN_CONSTANT_CONVERSION = YES;
				CLANG_WARN_DEPRECATED_OBJC_IMPLEMENTATIONS = YES;
				CLANG_WARN_DIRECT_OBJC_ISA_USAGE = YES_ERROR;
				CLANG_WARN_DOCUMENTATION_COMMENTS = YES;
				CLANG_WARN_EMPTY_BODY = YES;
				CLANG_WARN_ENUM_CONVERSION = YES;
				CLANG_WARN_INFINITE_RECURSION = YES;
				CLANG_WARN_INT_CONVERSION = YES;
				CLANG_WARN_NON_LITERAL_NULL_CONVERSION = YES;
				CLANG_WARN_OBJC_IMPLICIT_RETAIN_SELF = YES;
				CLANG_WARN_OBJC_LITERAL_CONVERSION = YES;
				CLANG_WARN_OBJC_ROOT_CLASS = YES_ERROR;
				CLANG_WARN_QUOTED_INCLUDE_IN_FRAMEWORK_HEADER = YES;
				CLANG_WARN_RANGE_LOOP_ANALYSIS = YES;
				CLANG_WARN_STRICT_PROTOTYPES = YES;
				CLANG_WARN_SUSPICIOUS_MOVE = YES;
				CLANG_WARN_UNGUARDED_AVAILABILITY = YES_AGGRESSIVE;
				CLANG_WARN_UNREACHABLE_CODE = YES;
				CLANG_WARN__DUPLICATE_METHOD_MATCH = YES;
				COPY_PHASE_STRIP = NO;
				DEBUG_INFORMATION_FORMAT = dwarf;
				ENABLE_STRICT_OBJC_MSGSEND = YES;
				ENABLE_TESTABILITY = YES;
				ENABLE_USER_SCRIPT_SANDBOXING = YES;
				GCC_C_LANGUAGE_STANDARD = gnu17;
				GCC_DYNAMIC_NO_PIC = NO;
				GCC_NO_COMMON_BLOCKS = YES;
				GCC_OPTIMIZATION_LEVEL = 0;
				GCC_PREPROCESSOR_DEFINITIONS = (
					"DEBUG=1",
					"$(inherited)",
				);
				GCC_WARN_64_TO_32_BIT_CONVERSION = YES;
				GCC_WARN_ABOUT_RETURN_TYPE = YES_ERROR;
				GCC_WARN_UNDECLARED_SELECTOR = YES;
				GCC_WARN_UNINITIALIZED_AUTOS = YES_AGGRESSIVE;
				GCC_WARN_UNUSED_FUNCTION = YES;
				GCC_WARN_UNUSED_VARIABLE = YES;
				IPHONEOS_DEPLOYMENT_TARGET = 17.4;
				LOCALIZATION_PREFERS_STRING_CATALOGS = YES;
				MTL_ENABLE_DEBUG_INFO = INCLUDE_SOURCE;
				MTL_FAST_MATH = YES;
				ONLY_ACTIVE_ARCH = YES;
				SDKROOT = iphoneos;
				SWIFT_ACTIVE_COMPILATION_CONDITIONS = "DEBUG $(inherited)";
				SWIFT_OPTIMIZATION_LEVEL = "-Onone";
			};
			name = Debug;
		};
		EC19C0AD2BE42FFD009331D2 /* Release */ = {
			isa = XCBuildConfiguration;
			buildSettings = {
				ALWAYS_SEARCH_USER_PATHS = NO;
				ASSETCATALOG_COMPILER_GENERATE_SWIFT_ASSET_SYMBOL_EXTENSIONS = YES;
				CLANG_ANALYZER_NONNULL = YES;
				CLANG_ANALYZER_NUMBER_OBJECT_CONVERSION = YES_AGGRESSIVE;
				CLANG_CXX_LANGUAGE_STANDARD = "gnu++20";
				CLANG_ENABLE_MODULES = YES;
				CLANG_ENABLE_OBJC_ARC = YES;
				CLANG_ENABLE_OBJC_WEAK = YES;
				CLANG_WARN_BLOCK_CAPTURE_AUTORELEASING = YES;
				CLANG_WARN_BOOL_CONVERSION = YES;
				CLANG_WARN_COMMA = YES;
				CLANG_WARN_CONSTANT_CONVERSION = YES;
				CLANG_WARN_DEPRECATED_OBJC_IMPLEMENTATIONS = YES;
				CLANG_WARN_DIRECT_OBJC_ISA_USAGE = YES_ERROR;
				CLANG_WARN_DOCUMENTATION_COMMENTS = YES;
				CLANG_WARN_EMPTY_BODY = YES;
				CLANG_WARN_ENUM_CONVERSION = YES;
				CLANG_WARN_INFINITE_RECURSION = YES;
				CLANG_WARN_INT_CONVERSION = YES;
				CLANG_WARN_NON_LITERAL_NULL_CONVERSION = YES;
				CLANG_WARN_OBJC_IMPLICIT_RETAIN_SELF = YES;
				CLANG_WARN_OBJC_LITERAL_CONVERSION = YES;
				CLANG_WARN_OBJC_ROOT_CLASS = YES_ERROR;
				CLANG_WARN_QUOTED_INCLUDE_IN_FRAMEWORK_HEADER = YES;
				CLANG_WARN_RANGE_LOOP_ANALYSIS = YES;
				CLANG_WARN_STRICT_PROTOTYPES = YES;
				CLANG_WARN_SUSPICIOUS_MOVE = YES;
				CLANG_WARN_UNGUARDED_AVAILABILITY = YES_AGGRESSIVE;
				CLANG_WARN_UNREACHABLE_CODE = YES;
				CLANG_WARN__DUPLICATE_METHOD_MATCH = YES;
				COPY_PHASE_STRIP = NO;
				DEBUG_INFORMATION_FORMAT = "dwarf-with-dsym";
				ENABLE_NS_ASSERTIONS = NO;
				ENABLE_STRICT_OBJC_MSGSEND = YES;
				ENABLE_USER_SCRIPT_SANDBOXING = YES;
				GCC_C_LANGUAGE_STANDARD = gnu17;
				GCC_NO_COMMON_BLOCKS = YES;
				GCC_WARN_64_TO_32_BIT_CONVERSION = YES;
				GCC_WARN_ABOUT_RETURN_TYPE = YES_ERROR;
				GCC_WARN_UNDECLARED_SELECTOR = YES;
				GCC_WARN_UNINITIALIZED_AUTOS = YES_AGGRESSIVE;
				GCC_WARN_UNUSED_FUNCTION = YES;
				GCC_WARN_UNUSED_VARIABLE = YES;
				IPHONEOS_DEPLOYMENT_TARGET = 17.4;
				LOCALIZATION_PREFERS_STRING_CATALOGS = YES;
				MTL_ENABLE_DEBUG_INFO = NO;
				MTL_FAST_MATH = YES;
				SDKROOT = iphoneos;
				SWIFT_COMPILATION_MODE = wholemodule;
				VALIDATE_PRODUCT = YES;
			};
			name = Release;
		};
		EC19C0AF2BE42FFD009331D2 /* Debug */ = {
			isa = XCBuildConfiguration;
			buildSettings = {
				ASSETCATALOG_COMPILER_APPICON_NAME = AppIcon;
				ASSETCATALOG_COMPILER_GLOBAL_ACCENT_COLOR_NAME = AccentColor;
				CODE_SIGN_STYLE = Automatic;
				CURRENT_PROJECT_VERSION = 1;
				DEVELOPMENT_ASSET_PATHS = "\"CS2Nades/Preview Content\"";
				DEVELOPMENT_TEAM = S7VDAK3AXN;
				ENABLE_PREVIEWS = YES;
				GENERATE_INFOPLIST_FILE = YES;
				INFOPLIST_KEY_UIApplicationSceneManifest_Generation = YES;
				INFOPLIST_KEY_UIApplicationSupportsIndirectInputEvents = YES;
				INFOPLIST_KEY_UILaunchScreen_Generation = YES;
				INFOPLIST_KEY_UISupportedInterfaceOrientations_iPad = "UIInterfaceOrientationPortrait UIInterfaceOrientationPortraitUpsideDown UIInterfaceOrientationLandscapeLeft UIInterfaceOrientationLandscapeRight";
				INFOPLIST_KEY_UISupportedInterfaceOrientations_iPhone = "UIInterfaceOrientationPortrait UIInterfaceOrientationLandscapeLeft UIInterfaceOrientationLandscapeRight";
				LD_RUNPATH_SEARCH_PATHS = (
					"$(inherited)",
					"@executable_path/Frameworks",
				);
				MARKETING_VERSION = 1.0;
				PRODUCT_BUNDLE_IDENTIFIER = com.enestalhaucar.CS2Nades;
				PRODUCT_NAME = "$(TARGET_NAME)";
				SWIFT_EMIT_LOC_STRINGS = YES;
				SWIFT_VERSION = 5.0;
				TARGETED_DEVICE_FAMILY = "1,2";
			};
			name = Debug;
		};
		EC19C0B02BE42FFD009331D2 /* Release */ = {
			isa = XCBuildConfiguration;
			buildSettings = {
				ASSETCATALOG_COMPILER_APPICON_NAME = AppIcon;
				ASSETCATALOG_COMPILER_GLOBAL_ACCENT_COLOR_NAME = AccentColor;
				CODE_SIGN_STYLE = Automatic;
				CURRENT_PROJECT_VERSION = 1;
				DEVELOPMENT_ASSET_PATHS = "\"CS2Nades/Preview Content\"";
				DEVELOPMENT_TEAM = S7VDAK3AXN;
				ENABLE_PREVIEWS = YES;
				GENERATE_INFOPLIST_FILE = YES;
				INFOPLIST_KEY_UIApplicationSceneManifest_Generation = YES;
				INFOPLIST_KEY_UIApplicationSupportsIndirectInputEvents = YES;
				INFOPLIST_KEY_UILaunchScreen_Generation = YES;
				INFOPLIST_KEY_UISupportedInterfaceOrientations_iPad = "UIInterfaceOrientationPortrait UIInterfaceOrientationPortraitUpsideDown UIInterfaceOrientationLandscapeLeft UIInterfaceOrientationLandscapeRight";
				INFOPLIST_KEY_UISupportedInterfaceOrientations_iPhone = "UIInterfaceOrientationPortrait UIInterfaceOrientationLandscapeLeft UIInterfaceOrientationLandscapeRight";
				LD_RUNPATH_SEARCH_PATHS = (
					"$(inherited)",
					"@executable_path/Frameworks",
				);
				MARKETING_VERSION = 1.0;
				PRODUCT_BUNDLE_IDENTIFIER = com.enestalhaucar.CS2Nades;
				PRODUCT_NAME = "$(TARGET_NAME)";
				SWIFT_EMIT_LOC_STRINGS = YES;
				SWIFT_VERSION = 5.0;
				TARGETED_DEVICE_FAMILY = "1,2";
			};
			name = Release;
		};
/* End XCBuildConfiguration section */

/* Begin XCConfigurationList section */
		EC19C09B2BE42FFA009331D2 /* Build configuration list for PBXProject "CS2Nades" */ = {
			isa = XCConfigurationList;
			buildConfigurations = (
				EC19C0AC2BE42FFD009331D2 /* Debug */,
				EC19C0AD2BE42FFD009331D2 /* Release */,
			);
			defaultConfigurationIsVisible = 0;
			defaultConfigurationName = Release;
		};
		EC19C0AE2BE42FFD009331D2 /* Build configuration list for PBXNativeTarget "CS2Nades" */ = {
			isa = XCConfigurationList;
			buildConfigurations = (
				EC19C0AF2BE42FFD009331D2 /* Debug */,
				EC19C0B02BE42FFD009331D2 /* Release */,
			);
			defaultConfigurationIsVisible = 0;
			defaultConfigurationName = Release;
		};
/* End XCConfigurationList section */

/* Begin XCRemoteSwiftPackageReference section */
		EC19C0BA2BE431F5009331D2 /* XCRemoteSwiftPackageReference "firebase-ios-sdk" */ = {
			isa = XCRemoteSwiftPackageReference;
			repositoryURL = "https://github.com/firebase/firebase-ios-sdk";
			requirement = {
				kind = upToNextMajorVersion;
				minimumVersion = 10.25.0;
			};
		};
/* End XCRemoteSwiftPackageReference section */

/* Begin XCSwiftPackageProductDependency section */
		EC19C0BB2BE431F5009331D2 /* FirebaseDatabase */ = {
			isa = XCSwiftPackageProductDependency;
			package = EC19C0BA2BE431F5009331D2 /* XCRemoteSwiftPackageReference "firebase-ios-sdk" */;
			productName = FirebaseDatabase;
		};
		EC19C0BD2BE431F5009331D2 /* FirebaseDatabaseSwift */ = {
			isa = XCSwiftPackageProductDependency;
			package = EC19C0BA2BE431F5009331D2 /* XCRemoteSwiftPackageReference "firebase-ios-sdk" */;
			productName = FirebaseDatabaseSwift;
		};
		EC19C0BF2BE431F5009331D2 /* FirebaseFirestore */ = {
			isa = XCSwiftPackageProductDependency;
			package = EC19C0BA2BE431F5009331D2 /* XCRemoteSwiftPackageReference "firebase-ios-sdk" */;
			productName = FirebaseFirestore;
		};
		EC19C0C12BE431F5009331D2 /* FirebaseFirestoreCombine-Community */ = {
			isa = XCSwiftPackageProductDependency;
			package = EC19C0BA2BE431F5009331D2 /* XCRemoteSwiftPackageReference "firebase-ios-sdk" */;
			productName = "FirebaseFirestoreCombine-Community";
		};
		EC19C0C32BE431F5009331D2 /* FirebaseFirestoreSwift */ = {
			isa = XCSwiftPackageProductDependency;
			package = EC19C0BA2BE431F5009331D2 /* XCRemoteSwiftPackageReference "firebase-ios-sdk" */;
			productName = FirebaseFirestoreSwift;
		};
		EC19C0C52BE431F5009331D2 /* FirebaseStorage */ = {
			isa = XCSwiftPackageProductDependency;
			package = EC19C0BA2BE431F5009331D2 /* XCRemoteSwiftPackageReference "firebase-ios-sdk" */;
			productName = FirebaseStorage;
		};
		EC19C0C72BE431F5009331D2 /* FirebaseStorageCombine-Community */ = {
			isa = XCSwiftPackageProductDependency;
			package = EC19C0BA2BE431F5009331D2 /* XCRemoteSwiftPackageReference "firebase-ios-sdk" */;
			productName = "FirebaseStorageCombine-Community";
		};
/* End XCSwiftPackageProductDependency section */
	};
	rootObject = EC19C0982BE42FFA009331D2 /* Project object */;
}
